// !$*UTF8*$!
{
	archiveVersion = 1;
	classes = {
	};
	objectVersion = 56;
	objects = {

		EE0100000000000000000001 = {isa = PBXFileReference; lastKnownFileType = sourcecode.swift; path = "GoogleSignIn.swift"; sourceTree = "<group>"; };
		EE0100000000000000000002 = {isa = PBXBuildFile; fileRef = EE0100000000000000000001; };
		18BB75225D2BCFA403544A3B = {isa = PBXFileReference; lastKnownFileType = sourcecode.swift; path = "RemoteAuth.swift"; sourceTree = "<group>"; };
		362A1E1B631E65D866270B5B = {isa = PBXBuildFile; fileRef = 18BB75225D2BCFA403544A3B; };

		B13F70F2186BCCDB73EDBFED = {isa = PBXFileReference; lastKnownFileType = sourcecode.swift; path = "PlacesTransport.swift"; sourceTree = "<group>"; };
		CFCF2893C4323A7B3FDF1CBA = {isa = PBXBuildFile; fileRef = B13F70F2186BCCDB73EDBFED; };


/* Begin PBXBuildFile section */
		A10000000000000000000001 /* ReviewNfcGoApp.swift in Sources */ = {isa = PBXBuildFile; fileRef = A20000000000000000000001 /* ReviewNfcGoApp.swift */; };
		A10000000000000000000002 /* ContentView.swift in Sources */ = {isa = PBXBuildFile; fileRef = A20000000000000000000002 /* ContentView.swift */; };
		A10000000000000000000004 /* Assets.xcassets in Resources */ = {isa = PBXBuildFile; fileRef = A20000000000000000000004 /* Assets.xcassets */; };
		A10000000000000000000005 /* ReminderActivityAttributes.swift in Sources */ = {isa = PBXBuildFile; fileRef = A20000000000000000000005 /* ReminderActivityAttributes.swift */; };
		C10000000000000000000001 /* ReviewNfcGoLiveActivityBundle.swift in Sources */ = {isa = PBXBuildFile; fileRef = C20000000000000000000001 /* ReviewNfcGoLiveActivityBundle.swift */; };
		C10000000000000000000002 /* ReminderActivityAttributes.swift in Sources */ = {isa = PBXBuildFile; fileRef = C20000000000000000000002 /* ReminderActivityAttributes.swift */; };
		C10000000000000000000003 /* reviewNfcGoLiveActivity.appex in Embed App Extensions */ = {isa = PBXBuildFile; fileRef = C20000000000000000000004 /* reviewNfcGoLiveActivity.appex */; settings = {ATTRIBUTES = (RemoveHeadersOnCopy, ); }; };
		A10000000000000000000006 /* VisitScheduling.swift in Sources */ = {isa = PBXBuildFile; fileRef = A20000000000000000000006 /* VisitScheduling.swift */; };
		A10000000000000000000007 /* ReminderServices.swift in Sources */ = {isa = PBXBuildFile; fileRef = A20000000000000000000007 /* ReminderServices.swift */; };
		D10000000000000000000001 /* PortalLink.swift in Sources */ = {isa = PBXBuildFile; fileRef = D20000000000000000000001 /* PortalLink.swift */; };
		D10000000000000000000002 /* PortalRouter.swift in Sources */ = {isa = PBXBuildFile; fileRef = D20000000000000000000002 /* PortalRouter.swift */; };
		D10000000000000000000003 /* PortalLink.swift in Widget Sources */ = {isa = PBXBuildFile; fileRef = D20000000000000000000001 /* PortalLink.swift */; };
		E10000000000000000000001 /* VisitRecord.swift in Sources */ = {isa = PBXBuildFile; fileRef = E20000000000000000000001 /* VisitRecord.swift */; };
		E10000000000000000000002 /* AlertHistory.swift in Sources */ = {isa = PBXBuildFile; fileRef = E20000000000000000000002 /* AlertHistory.swift */; };
		E10000000000000000000003 /* AlertHistoryStore.swift in Sources */ = {isa = PBXBuildFile; fileRef = E20000000000000000000003 /* AlertHistoryStore.swift */; };
		E10000000000000000000004 /* AlertHistoryView.swift in Sources */ = {isa = PBXBuildFile; fileRef = E20000000000000000000004 /* AlertHistoryView.swift */; };
		F10000000000000000000001 /* MapFlightPlan.swift in Sources */ = {isa = PBXBuildFile; fileRef = F20000000000000000000001 /* MapFlightPlan.swift */; };
		F10000000000000000000101 /* WidgetData.swift in Sources */ = {isa = PBXBuildFile; fileRef = F20000000000000000000101 /* WidgetData.swift */; };
		F10000000000000000000111 /* WidgetData.swift in Widget Sources */ = {isa = PBXBuildFile; fileRef = F20000000000000000000101 /* WidgetData.swift */; };
		F10000000000000000000102 /* WidgetSharedStore.swift in Sources */ = {isa = PBXBuildFile; fileRef = F20000000000000000000102 /* WidgetSharedStore.swift */; };
		F10000000000000000000112 /* WidgetSharedStore.swift in Widget Sources */ = {isa = PBXBuildFile; fileRef = F20000000000000000000102 /* WidgetSharedStore.swift */; };
		F10000000000000000000103 /* DashboardWidgets.swift in Sources */ = {isa = PBXBuildFile; fileRef = F20000000000000000000103 /* DashboardWidgets.swift */; };
		F10000000000000000000113 /* DashboardWidgets.swift in Widget Sources */ = {isa = PBXBuildFile; fileRef = F20000000000000000000103 /* DashboardWidgets.swift */; };
		F10000000000000000000114 /* VisitRecord.swift in Widget Sources */ = {isa = PBXBuildFile; fileRef = E20000000000000000000001 /* VisitRecord.swift */; };
		F10000000000000000000201 /* MoneyLedger.swift in Sources */ = {isa = PBXBuildFile; fileRef = F20000000000000000000201 /* MoneyLedger.swift */; };
		F10000000000000000000202 /* MoneyView.swift in Sources */ = {isa = PBXBuildFile; fileRef = F20000000000000000000202 /* MoneyView.swift */; };
		F10000000000000000000203 /* ProductMetadataService.swift in Sources */ = {isa = PBXBuildFile; fileRef = F20000000000000000000203 /* ProductMetadataService.swift */; };
		F10000000000000000000204 /* ProfilePhoto.swift in Sources */ = {isa = PBXBuildFile; fileRef = F20000000000000000000204 /* ProfilePhoto.swift */; };
		F10000000000000000000205 /* SearchSuggestions.swift in Sources */ = {isa = PBXBuildFile; fileRef = F20000000000000000000205 /* SearchSuggestions.swift */; };
		F10000000000000000000206 /* MajorUpdateVerification.swift in Sources */ = {isa = PBXBuildFile; fileRef = F20000000000000000000206 /* MajorUpdateVerification.swift */; };
		F10000000000000000000301 /* AppIcon.icon in Resources */ = {isa = PBXBuildFile; fileRef = F20000000000000000000301 /* AppIcon.icon */; };
		F10000000000000000000302 /* PrivacyInfo.xcprivacy in Resources */ = {isa = PBXBuildFile; fileRef = F20000000000000000000302 /* PrivacyInfo.xcprivacy */; };
		CEB796C5807428BD64F8BE2C = {isa = PBXBuildFile; fileRef = 0D76B70FDABADABC46BFE6B9; };
		9D5047CAF4A51C2AC92F85A7 = {isa = PBXBuildFile; fileRef = A34E70739B09828F5D7494E6; };
		794169A35F5B802582BE8114 = {isa = PBXBuildFile; fileRef = 82A866EB61EFC72465272123; };
		434361916647DD61D9BEE4F4 = {isa = PBXBuildFile; fileRef = A83A564D32146FABED474F35; };
		3418C21453CE42ECF8DE4251 = {isa = PBXBuildFile; fileRef = 07A62E4AF6140E4F6BEB9E78; };
/* End PBXBuildFile section */

/* Begin PBXFileReference section */
		A20000000000000000000001 /* ReviewNfcGoApp.swift */ = {isa = PBXFileReference; lastKnownFileType = sourcecode.swift; path = ReviewNfcGoApp.swift; sourceTree = "<group>"; };
		A20000000000000000000002 /* ContentView.swift */ = {isa = PBXFileReference; lastKnownFileType = sourcecode.swift; path = ContentView.swift; sourceTree = "<group>"; };
		A20000000000000000000003 /* reviewNfcGo.app */ = {isa = PBXFileReference; explicitFileType = wrapper.application; includeInIndex = 0; path = reviewNfcGo.app; sourceTree = BUILT_PRODUCTS_DIR; };
		A20000000000000000000004 /* Assets.xcassets */ = {isa = PBXFileReference; lastKnownFileType = folder.assetcatalog; path = Assets.xcassets; sourceTree = "<group>"; };
		A20000000000000000000005 /* ReminderActivityAttributes.swift */ = {isa = PBXFileReference; lastKnownFileType = sourcecode.swift; path = ReminderActivityAttributes.swift; sourceTree = "<group>"; };
		C20000000000000000000001 /* ReviewNfcGoLiveActivityBundle.swift */ = {isa = PBXFileReference; lastKnownFileType = sourcecode.swift; path = ReviewNfcGoLiveActivityBundle.swift; sourceTree = "<group>"; };
		C20000000000000000000002 /* ReminderActivityAttributes.swift */ = {isa = PBXFileReference; lastKnownFileType = sourcecode.swift; path = ReminderActivityAttributes.swift; sourceTree = "<group>"; };
		C20000000000000000000003 /* Info.plist */ = {isa = PBXFileReference; lastKnownFileType = text.plist.xml; path = Info.plist; sourceTree = "<group>"; };
		C20000000000000000000004 /* reviewNfcGoLiveActivity.appex */ = {isa = PBXFileReference; explicitFileType = "wrapper.app-extension"; includeInIndex = 0; path = reviewNfcGoLiveActivity.appex; sourceTree = BUILT_PRODUCTS_DIR; };
		A20000000000000000000006 /* VisitScheduling.swift */ = {isa = PBXFileReference; lastKnownFileType = sourcecode.swift; path = VisitScheduling.swift; sourceTree = "<group>"; };
		A20000000000000000000007 /* ReminderServices.swift */ = {isa = PBXFileReference; lastKnownFileType = sourcecode.swift; path = ReminderServices.swift; sourceTree = "<group>"; };
		D20000000000000000000001 /* PortalLink.swift */ = {isa = PBXFileReference; lastKnownFileType = sourcecode.swift; path = PortalLink.swift; sourceTree = "<group>"; };
		D20000000000000000000002 /* PortalRouter.swift */ = {isa = PBXFileReference; lastKnownFileType = sourcecode.swift; path = PortalRouter.swift; sourceTree = "<group>"; };
		D20000000000000000000003 /* Info.plist */ = {isa = PBXFileReference; lastKnownFileType = text.plist.xml; path = Info.plist; sourceTree = "<group>"; };
		E20000000000000000000001 /* VisitRecord.swift */ = {isa = PBXFileReference; lastKnownFileType = sourcecode.swift; path = VisitRecord.swift; sourceTree = "<group>"; };
		E20000000000000000000002 /* AlertHistory.swift */ = {isa = PBXFileReference; lastKnownFileType = sourcecode.swift; path = AlertHistory.swift; sourceTree = "<group>"; };
		E20000000000000000000003 /* AlertHistoryStore.swift */ = {isa = PBXFileReference; lastKnownFileType = sourcecode.swift; path = AlertHistoryStore.swift; sourceTree = "<group>"; };
		E20000000000000000000004 /* AlertHistoryView.swift */ = {isa = PBXFileReference; lastKnownFileType = sourcecode.swift; path = AlertHistoryView.swift; sourceTree = "<group>"; };
		F20000000000000000000001 /* MapFlightPlan.swift */ = {isa = PBXFileReference; lastKnownFileType = sourcecode.swift; path = MapFlightPlan.swift; sourceTree = "<group>"; };
		F20000000000000000000101 /* WidgetData.swift */ = {isa = PBXFileReference; lastKnownFileType = sourcecode.swift; path = WidgetData.swift; sourceTree = "<group>"; };
		F20000000000000000000102 /* WidgetSharedStore.swift */ = {isa = PBXFileReference; lastKnownFileType = sourcecode.swift; path = WidgetSharedStore.swift; sourceTree = "<group>"; };
		F20000000000000000000103 /* DashboardWidgets.swift */ = {isa = PBXFileReference; lastKnownFileType = sourcecode.swift; path = DashboardWidgets.swift; sourceTree = "<group>"; };
		F20000000000000000000201 /* MoneyLedger.swift */ = {isa = PBXFileReference; lastKnownFileType = sourcecode.swift; path = MoneyLedger.swift; sourceTree = "<group>"; };
		F20000000000000000000202 /* MoneyView.swift */ = {isa = PBXFileReference; lastKnownFileType = sourcecode.swift; path = MoneyView.swift; sourceTree = "<group>"; };
		F20000000000000000000203 /* ProductMetadataService.swift */ = {isa = PBXFileReference; lastKnownFileType = sourcecode.swift; path = ProductMetadataService.swift; sourceTree = "<group>"; };
		F20000000000000000000204 /* ProfilePhoto.swift */ = {isa = PBXFileReference; lastKnownFileType = sourcecode.swift; path = ProfilePhoto.swift; sourceTree = "<group>"; };
		F20000000000000000000205 /* SearchSuggestions.swift */ = {isa = PBXFileReference; lastKnownFileType = sourcecode.swift; path = SearchSuggestions.swift; sourceTree = "<group>"; };
		F20000000000000000000206 /* MajorUpdateVerification.swift */ = {isa = PBXFileReference; lastKnownFileType = sourcecode.swift; path = MajorUpdateVerification.swift; sourceTree = "<group>"; };
		F20000000000000000000301 /* AppIcon.icon */ = {isa = PBXFileReference; lastKnownFileType = folder.iconcomposer.icon; path = AppIcon.icon; sourceTree = "<group>"; };
		F20000000000000000000302 /* PrivacyInfo.xcprivacy */ = {isa = PBXFileReference; lastKnownFileType = text.xml; path = PrivacyInfo.xcprivacy; sourceTree = "<group>"; };
		0D76B70FDABADABC46BFE6B9 /* BusinessTools.swift */ = {isa = PBXFileReference; lastKnownFileType = sourcecode.swift; path = "BusinessTools.swift"; sourceTree = "<group>"; };
		A34E70739B09828F5D7494E6 /* BusinessToolsView.swift */ = {isa = PBXFileReference; lastKnownFileType = sourcecode.swift; path = "BusinessToolsView.swift"; sourceTree = "<group>"; };
		07A62E4AF6140E4F6BEB9E78 /* Version5Verification.swift */ = {isa = PBXFileReference; lastKnownFileType = sourcecode.swift; path = "Version5Verification.swift"; sourceTree = "<group>"; };
/* End PBXFileReference section */

/* Begin PBXCopyFilesBuildPhase section */
		C60000000000000000000003 /* Embed App Extensions */ = {
			isa = PBXCopyFilesBuildPhase;
			buildActionMask = 2147483647;
			dstPath = "";
			dstSubfolderSpec = 13;
			files = (
				C10000000000000000000003 /* reviewNfcGoLiveActivity.appex in Embed App Extensions */,
			);
			name = "Embed App Extensions";
			runOnlyForDeploymentPostprocessing = 0;
		};
/* End PBXCopyFilesBuildPhase section */

/* Begin PBXFrameworksBuildPhase section */
		A30000000000000000000001 /* Frameworks */ = {
			isa = PBXFrameworksBuildPhase;
			buildActionMask = 2147483647;
			files = (
			);
			runOnlyForDeploymentPostprocessing = 0;
		};
		C30000000000000000000001 /* Frameworks */ = {
			isa = PBXFrameworksBuildPhase;
			buildActionMask = 2147483647;
			files = ();
			runOnlyForDeploymentPostprocessing = 0;
		};
/* End PBXFrameworksBuildPhase section */

/* Begin PBXGroup section */
		A40000000000000000000001 = {
			isa = PBXGroup;
			children = (
				A40000000000000000000002 /* reviewNfcGo */,
				C40000000000000000000001 /* reviewNfcGoLiveActivity */,
				A40000000000000000000003 /* Products */,
			);
			sourceTree = "<group>";
		};
		A40000000000000000000002 /* reviewNfcGo */ = {
			isa = PBXGroup;
			children = (
				B13F70F2186BCCDB73EDBFED,
				EE0100000000000000000001,
				18BB75225D2BCFA403544A3B,
				07A62E4AF6140E4F6BEB9E78,
				A34E70739B09828F5D7494E6,

				0D76B70FDABADABC46BFE6B9,

				D20000000000000000000001 /* PortalLink.swift */,
				D20000000000000000000002 /* PortalRouter.swift */,
				D20000000000000000000003 /* Info.plist */,
				A20000000000000000000001 /* ReviewNfcGoApp.swift */,
				A20000000000000000000002 /* ContentView.swift */,
				F20000000000000000000206 /* MajorUpdateVerification.swift */,
				F20000000000000000000205 /* SearchSuggestions.swift */,
				F20000000000000000000204 /* ProfilePhoto.swift */,
				F20000000000000000000203 /* ProductMetadataService.swift */,
				F20000000000000000000202 /* MoneyView.swift */,
				F20000000000000000000201 /* MoneyLedger.swift */,
				F20000000000000000000102 /* WidgetSharedStore.swift */,
				F20000000000000000000101 /* WidgetData.swift */,
				F20000000000000000000001 /* MapFlightPlan.swift */,
				E20000000000000000000002 /* AlertHistory.swift */,
				E20000000000000000000003 /* AlertHistoryStore.swift */,
				E20000000000000000000004 /* AlertHistoryView.swift */,
				E20000000000000000000001 /* VisitRecord.swift */,
				A20000000000000000000005 /* ReminderActivityAttributes.swift */,
				A20000000000000000000007 /* ReminderServices.swift */,
				A20000000000000000000006 /* VisitScheduling.swift */,
				A20000000000000000000004 /* Assets.xcassets */,
				F20000000000000000000301 /* AppIcon.icon */,
				F20000000000000000000302 /* PrivacyInfo.xcprivacy */,
			);
			path = reviewNfcGo;
			sourceTree = "<group>";
		};
		C40000000000000000000001 /* reviewNfcGoLiveActivity */ = {
			isa = PBXGroup;
			children = (
				C20000000000000000000001 /* ReviewNfcGoLiveActivityBundle.swift */,
				F20000000000000000000103 /* DashboardWidgets.swift */,
				C20000000000000000000002 /* ReminderActivityAttributes.swift */,
				C20000000000000000000003 /* Info.plist */,
			);
			path = reviewNfcGoLiveActivity;
			sourceTree = "<group>";
		};
		A40000000000000000000003 /* Products */ = {
			isa = PBXGroup;
			children = (
				A20000000000000000000003 /* reviewNfcGo.app */,
				C20000000000000000000004 /* reviewNfcGoLiveActivity.appex */,
			);
			name = Products;
			sourceTree = "<group>";
		};
/* End PBXGroup section */

/* Begin PBXContainerItemProxy section */
		C80000000000000000000001 = {isa = PBXContainerItemProxy; containerPortal = A80000000000000000000001 /* Project object */; proxyType = 1; remoteGlobalIDString = C50000000000000000000001; remoteInfo = reviewNfcGoLiveActivity; };
/* End PBXContainerItemProxy section */

/* Begin PBXTargetDependency section */
		C80000000000000000000002 = {isa = PBXTargetDependency; target = C50000000000000000000001 /* reviewNfcGoLiveActivity */; targetProxy = C80000000000000000000001; };
/* End PBXTargetDependency section */

/* Begin PBXNativeTarget section */
		A50000000000000000000001 /* reviewNfcGo */ = {
			isa = PBXNativeTarget;
			buildConfigurationList = A90000000000000000000002 /* Build configuration list for PBXNativeTarget "reviewNfcGo" */;
			buildPhases = (
				A60000000000000000000001 /* Sources */,
				A30000000000000000000001 /* Frameworks */,
				A70000000000000000000001 /* Resources */,
				C60000000000000000000003 /* Embed App Extensions */,
			);
			buildRules = (
			);
			dependencies = (
				C80000000000000000000002 /* PBXTargetDependency */,
			);
			name = reviewNfcGo;
			productName = reviewNfcGo;
			productReference = A20000000000000000000003 /* reviewNfcGo.app */;
			productType = "com.apple.product-type.application";
		};

		C50000000000000000000001 /* reviewNfcGoLiveActivity */ = {
			isa = PBXNativeTarget;
			buildConfigurationList = C90000000000000000000001 /* Build configuration list for PBXNativeTarget "reviewNfcGoLiveActivity" */;
			buildPhases = (
				C60000000000000000000001 /* Sources */,
				C30000000000000000000001 /* Frameworks */,
				C70000000000000000000001 /* Resources */,
			);
			buildRules = ();
			dependencies = ();
			name = reviewNfcGoLiveActivity;
			productName = reviewNfcGoLiveActivity;
			productReference = C20000000000000000000004 /* reviewNfcGoLiveActivity.appex */;
			productType = "com.apple.product-type.app-extension";
		};
/* End PBXNativeTarget section */

/* Begin PBXProject section */
		A80000000000000000000001 /* Project object */ = {
			isa = PBXProject;
			attributes = {
				BuildIndependentTargetsInParallel = 1;
				LastSwiftUpdateCheck = 1620;
				LastUpgradeCheck = 2600;
				TargetAttributes = {
					A50000000000000000000001 = {
						CreatedOnToolsVersion = 16.2;
                        SystemCapabilities = { com.apple.ApplicationGroups.iOS = { enabled = 1; }; };
					};
					C50000000000000000000001 = {
						CreatedOnToolsVersion = 16.2;
                        SystemCapabilities = { com.apple.ApplicationGroups.iOS = { enabled = 1; }; };
					};
				};
			};
			buildConfigurationList = A90000000000000000000001 /* Build configuration list for PBXProject "reviewNfcGo" */;
			compatibilityVersion = "Xcode 14.0";
			developmentRegion = en;
			hasScannedForEncodings = 0;
			knownRegions = (
				en,
				Base,
			);
			mainGroup = A40000000000000000000001;
			productRefGroup = A40000000000000000000003 /* Products */;
			projectDirPath = "";
			projectRoot = "";
			targets = (
				A50000000000000000000001 /* reviewNfcGo */,
				C50000000000000000000001 /* reviewNfcGoLiveActivity */,
			);
		};
/* End PBXProject section */

/* Begin PBXResourcesBuildPhase section */
		A70000000000000000000001 /* Resources */ = {
			isa = PBXResourcesBuildPhase;
			buildActionMask = 2147483647;
			files = (
				A10000000000000000000004 /* Assets.xcassets in Resources */,
				F10000000000000000000301 /* AppIcon.icon in Resources */,
				F10000000000000000000302 /* PrivacyInfo.xcprivacy in Resources */,
			);
			runOnlyForDeploymentPostprocessing = 0;
		};
		C70000000000000000000001 /* Resources */ = {
			isa = PBXResourcesBuildPhase;
			buildActionMask = 2147483647;
			files = ();
			runOnlyForDeploymentPostprocessing = 0;
		};
/* End PBXResourcesBuildPhase section */

/* Begin PBXSourcesBuildPhase section */
		A60000000000000000000001 /* Sources */ = {
			isa = PBXSourcesBuildPhase;
			buildActionMask = 2147483647;
			files = (
				CFCF2893C4323A7B3FDF1CBA,
				EE0100000000000000000002,
				362A1E1B631E65D866270B5B,
				3418C21453CE42ECF8DE4251,

				434361916647DD61D9BEE4F4,

				794169A35F5B802582BE8114,

				9D5047CAF4A51C2AC92F85A7,

				CEB796C5807428BD64F8BE2C,

				D10000000000000000000001 /* PortalLink.swift in Sources */,
				D10000000000000000000002 /* PortalRouter.swift in Sources */,
				A10000000000000000000001 /* ReviewNfcGoApp.swift in Sources */,
				A10000000000000000000002 /* ContentView.swift in Sources */,
				F10000000000000000000206 /* MajorUpdateVerification.swift in Sources */,
				F10000000000000000000205 /* SearchSuggestions.swift in Sources */,
				F10000000000000000000204 /* ProfilePhoto.swift in Sources */,
				F10000000000000000000203 /* ProductMetadataService.swift in Sources */,
				F10000000000000000000202 /* MoneyView.swift in Sources */,
				F10000000000000000000201 /* MoneyLedger.swift in Sources */,
				F10000000000000000000103 /* DashboardWidgets.swift in Sources */,
				F10000000000000000000102 /* WidgetSharedStore.swift in Sources */,
				F10000000000000000000101 /* WidgetData.swift in Sources */,
				F10000000000000000000001 /* MapFlightPlan.swift in Sources */,
				E10000000000000000000002 /* AlertHistory.swift in Sources */,
				E10000000000000000000003 /* AlertHistoryStore.swift in Sources */,
				E10000000000000000000004 /* AlertHistoryView.swift in Sources */,
				E10000000000000000000001 /* VisitRecord.swift in Sources */,
				A10000000000000000000005 /* ReminderActivityAttributes.swift in Sources */,
				A10000000000000000000007 /* ReminderServices.swift in Sources */,
				A10000000000000000000006 /* VisitScheduling.swift in Sources */,
			);
			runOnlyForDeploymentPostprocessing = 0;
		};
		C60000000000000000000001 /* Sources */ = {
			isa = PBXSourcesBuildPhase;
			buildActionMask = 2147483647;
			files = (
				D10000000000000000000003 /* PortalLink.swift in Widget Sources */,
				F10000000000000000000114 /* VisitRecord.swift in Widget Sources */,
				C10000000000000000000001 /* ReviewNfcGoLiveActivityBundle.swift in Sources */,
				F10000000000000000000113 /* DashboardWidgets.swift in Widget Sources */,
				F10000000000000000000112 /* WidgetSharedStore.swift in Widget Sources */,
				F10000000000000000000111 /* WidgetData.swift in Widget Sources */,
				C10000000000000000000002 /* ReminderActivityAttributes.swift in Sources */,
			);
			runOnlyForDeploymentPostprocessing = 0;
		};
/* End PBXSourcesBuildPhase section */

/* Begin XCBuildConfiguration section */
		B10000000000000000000001 /* Debug */ = {
			isa = XCBuildConfiguration;
			buildSettings = {
				ALWAYS_SEARCH_USER_PATHS = NO;
				CLANG_ENABLE_MODULES = YES;
				CLANG_ENABLE_OBJC_ARC = YES;
				CLANG_WARN_DOCUMENTATION_COMMENTS = YES;
				DEBUG_INFORMATION_FORMAT = dwarf;
				ENABLE_TESTABILITY = YES;
				GCC_C_LANGUAGE_STANDARD = gnu17;
				GCC_OPTIMIZATION_LEVEL = 0;
				IPHONEOS_DEPLOYMENT_TARGET = 16.0;
				ONLY_ACTIVE_ARCH = YES;
				SDKROOT = iphoneos;
				SWIFT_ACTIVE_COMPILATION_CONDITIONS = "DEBUG $(inherited)";
				SWIFT_OPTIMIZATION_LEVEL = "-Onone";
			};
			name = Debug;
		};
		B10000000000000000000002 /* Release */ = {
			isa = XCBuildConfiguration;
			buildSettings = {
				ALWAYS_SEARCH_USER_PATHS = NO;
				CLANG_ENABLE_MODULES = YES;
				CLANG_ENABLE_OBJC_ARC = YES;
				DEBUG_INFORMATION_FORMAT = "dwarf-with-dsym";
				GCC_C_LANGUAGE_STANDARD = gnu17;
				IPHONEOS_DEPLOYMENT_TARGET = 16.0;
				SDKROOT = iphoneos;
				SWIFT_COMPILATION_MODE = wholemodule;
				SWIFT_OPTIMIZATION_LEVEL = "-O";
			};
			name = Release;
		};
		B20000000000000000000001 /* Debug */ = {
			isa = XCBuildConfiguration;
			buildSettings = {
				ASSETCATALOG_COMPILER_APPICON_NAME = AppIcon;
				ASSETCATALOG_COMPILER_GENERATE_SWIFT_ASSET_SYMBOL_EXTENSIONS = YES;
				CODE_SIGN_STYLE = Automatic;
				CURRENT_PROJECT_VERSION = 25;
				DEVELOPMENT_TEAM = "";
				GENERATE_INFOPLIST_FILE = YES;
				INFOPLIST_FILE = reviewNfcGo/Info.plist;
				CODE_SIGN_ENTITLEMENTS = reviewNfcGo/reviewNfcGo.entitlements;
				INFOPLIST_KEY_CFBundleDisplayName = "reviewNfcGo";
				INFOPLIST_KEY_CFBundleName = reviewNfcGo;
				INFOPLIST_KEY_LSApplicationCategoryType = "public.app-category.business";
				INFOPLIST_KEY_NSLocationWhenInUseUsageDescription = "La app necesita tu ubicación para encontrar automáticamente el negocio más cercano.";
				INFOPLIST_KEY_NSSupportsLiveActivities = YES;
				INFOPLIST_KEY_UIApplicationSupportsIndirectInputEvents = YES;
				INFOPLIST_KEY_UILaunchScreen_Generation = YES;
				INFOPLIST_KEY_UISupportedInterfaceOrientations = UIInterfaceOrientationPortrait;
				IPHONEOS_DEPLOYMENT_TARGET = 16.0;
				LD_RUNPATH_SEARCH_PATHS = (
					"$(inherited)",
					"@executable_path/Frameworks",
				);
				MARKETING_VERSION = 5.3;
				PRODUCT_BUNDLE_IDENTIFIER = com.pablo.resenagoogle.20261004;
				PRODUCT_NAME = "$(TARGET_NAME)";
				SUPPORTED_PLATFORMS = "iphoneos iphonesimulator";
				SUPPORTS_MACCATALYST = NO;
				SWIFT_EMIT_LOC_STRINGS = YES;
				SWIFT_VERSION = 5.0;
				TARGETED_DEVICE_FAMILY = 1;
			};
			name = Debug;
		};
		B20000000000000000000002 /* Release */ = {
			isa = XCBuildConfiguration;
			buildSettings = {
				ASSETCATALOG_COMPILER_APPICON_NAME = AppIcon;
				ASSETCATALOG_COMPILER_GENERATE_SWIFT_ASSET_SYMBOL_EXTENSIONS = YES;
				CODE_SIGN_STYLE = Automatic;
				CURRENT_PROJECT_VERSION = 25;
				DEVELOPMENT_TEAM = "";
				GENERATE_INFOPLIST_FILE = YES;
				INFOPLIST_FILE = reviewNfcGo/Info.plist;
				CODE_SIGN_ENTITLEMENTS = reviewNfcGo/reviewNfcGo.entitlements;
				INFOPLIST_KEY_CFBundleDisplayName = "reviewNfcGo";
				INFOPLIST_KEY_CFBundleName = reviewNfcGo;
				INFOPLIST_KEY_LSApplicationCategoryType = "public.app-category.business";
				INFOPLIST_KEY_NSLocationWhenInUseUsageDescription = "La app necesita tu ubicación para encontrar automáticamente el negocio más cercano.";
				INFOPLIST_KEY_NSSupportsLiveActivities = YES;
				INFOPLIST_KEY_UIApplicationSupportsIndirectInputEvents = YES;
				INFOPLIST_KEY_UILaunchScreen_Generation = YES;
				INFOPLIST_KEY_UISupportedInterfaceOrientations = UIInterfaceOrientationPortrait;
				IPHONEOS_DEPLOYMENT_TARGET = 16.0;
				LD_RUNPATH_SEARCH_PATHS = (
					"$(inherited)",
					"@executable_path/Frameworks",
				);
				MARKETING_VERSION = 5.3;
				PRODUCT_BUNDLE_IDENTIFIER = com.pablo.resenagoogle.20261004;
				PRODUCT_NAME = "$(TARGET_NAME)";
				SUPPORTED_PLATFORMS = "iphoneos iphonesimulator";
				SUPPORTS_MACCATALYST = NO;
				SWIFT_EMIT_LOC_STRINGS = YES;
				SWIFT_VERSION = 5.0;
				TARGETED_DEVICE_FAMILY = 1;
			};
			name = Release;
		};
		C10000000000000000000011 /* Debug */ = {
			isa = XCBuildConfiguration;
			buildSettings = {
				CODE_SIGN_STYLE = Automatic;
				CURRENT_PROJECT_VERSION = 25;
				DEVELOPMENT_TEAM = "";
				GENERATE_INFOPLIST_FILE = NO;
				INFOPLIST_FILE = reviewNfcGoLiveActivity/Info.plist;
				CODE_SIGN_ENTITLEMENTS = reviewNfcGoLiveActivity/reviewNfcGoLiveActivity.entitlements;
				SWIFT_ACTIVE_COMPILATION_CONDITIONS = "$(inherited) WIDGET_EXTENSION";
				IPHONEOS_DEPLOYMENT_TARGET = 16.1;
				LD_RUNPATH_SEARCH_PATHS = ("$(inherited)", "@executable_path/Frameworks", "@executable_path/../../Frameworks");
				MARKETING_VERSION = 5.3;
				PRODUCT_BUNDLE_IDENTIFIER = com.pablo.resenagoogle.20261004.liveactivity;
				PRODUCT_NAME = "$(TARGET_NAME)";
				SKIP_INSTALL = YES;
				SWIFT_VERSION = 5.0;
				TARGETED_DEVICE_FAMILY = 1;
			};
			name = Debug;
		};
		C10000000000000000000012 /* Release */ = {
			isa = XCBuildConfiguration;
			buildSettings = {
				CODE_SIGN_STYLE = Automatic;
				CURRENT_PROJECT_VERSION = 25;
				DEVELOPMENT_TEAM = "";
				GENERATE_INFOPLIST_FILE = NO;
				INFOPLIST_FILE = reviewNfcGoLiveActivity/Info.plist;
				CODE_SIGN_ENTITLEMENTS = reviewNfcGoLiveActivity/reviewNfcGoLiveActivity.entitlements;
				SWIFT_ACTIVE_COMPILATION_CONDITIONS = "$(inherited) WIDGET_EXTENSION";
				IPHONEOS_DEPLOYMENT_TARGET = 16.1;
				LD_RUNPATH_SEARCH_PATHS = ("$(inherited)", "@executable_path/Frameworks", "@executable_path/../../Frameworks");
				MARKETING_VERSION = 5.3;
				PRODUCT_BUNDLE_IDENTIFIER = com.pablo.resenagoogle.20261004.liveactivity;
				PRODUCT_NAME = "$(TARGET_NAME)";
				SKIP_INSTALL = YES;
				SWIFT_VERSION = 5.0;
				TARGETED_DEVICE_FAMILY = 1;
			};
			name = Release;
		};
/* End XCBuildConfiguration section */

/* Begin XCConfigurationList section */
		A90000000000000000000001 /* Build configuration list for PBXProject "reviewNfcGo" */ = {
			isa = XCConfigurationList;
			buildConfigurations = (
				B10000000000000000000001 /* Debug */,
				B10000000000000000000002 /* Release */,
			);
			defaultConfigurationIsVisible = 0;
			defaultConfigurationName = Release;
		};
		A90000000000000000000002 /* Build configuration list for PBXNativeTarget "reviewNfcGo" */ = {
			isa = XCConfigurationList;
			buildConfigurations = (
				B20000000000000000000001 /* Debug */,
				B20000000000000000000002 /* Release */,
			);
			defaultConfigurationIsVisible = 0;
			defaultConfigurationName = Release;
		};
		C90000000000000000000001 /* Build configuration list for PBXNativeTarget "reviewNfcGoLiveActivity" */ = {
			isa = XCConfigurationList;
			buildConfigurations = (
				C10000000000000000000011 /* Debug */,
				C10000000000000000000012 /* Release */,
			);
			defaultConfigurationIsVisible = 0;
			defaultConfigurationName = Release;
		};
/* End XCConfigurationList section */
	};
	rootObject = A80000000000000000000001 /* Project object */;
}
